
Microsoft Visual Studio Solution File, Format Version 12.00
# Visual Studio Version 17
VisualStudioVersion = 17.0.31903.59
MinimumVisualStudioVersion = 10.0.40219.1
Project("{9A19103F-16F7-4668-BE54-9A1E7A4F7556}") = "Degiskenler", "Degiskenler\Degiskenler.csproj", "{06E8C8DA-AE0E-48E5-A2EF-55C95793120C}"
EndProject
Project("{9A19103F-16F7-4668-BE54-9A1E7A4F7556}") = "Donusumler", "Donusumler\Donusumler.csproj", "{8475911F-240F-4562-A0AB-96135A36E0CE}"
EndProject
Project("{9A19103F-16F7-4668-BE54-9A1E7A4F7556}") = "KararYapilari", "KararYapilari\KararYapilari.csproj", "{1A8A0626-452F-4616-84B9-1129F7D73B36}"
EndProject
Project("{9A19103F-16F7-4668-BE54-9A1E7A4F7556}") = "SwitchUyg", "SwitchUyg\SwitchUyg.csproj", "{93552AB4-1AE4-48C4-8D3F-23F16786B482}"
EndProject
Project("{FAE04EC0-301F-11D3-BF4B-00C04F79EFBC}") = "Donguler1", "Donguler1\Donguler1.csproj", "{75D7CE82-E507-4648-BE7C-A22DD99B1445}"
EndProject
Global
	GlobalSection(SolutionConfigurationPlatforms) = preSolution
		Debug|Any CPU = Debug|Any CPU
		Release|Any CPU = Release|Any CPU
	EndGlobalSection
	GlobalSection(ProjectConfigurationPlatforms) = postSolution
		{06E8C8DA-AE0E-48E5-A2EF-55C95793120C}.Debug|Any CPU.ActiveCfg = Debug|Any CPU
		{06E8C8DA-AE0E-48E5-A2EF-55C95793120C}.Debug|Any CPU.Build.0 = Debug|Any CPU
		{06E8C8DA-AE0E-48E5-A2EF-55C95793120C}.Release|Any CPU.ActiveCfg = Release|Any CPU
		{06E8C8DA-AE0E-48E5-A2EF-55C95793120C}.Release|Any CPU.Build.0 = Release|Any CPU
		{8475911F-240F-4562-A0AB-96135A36E0CE}.Debug|Any CPU.ActiveCfg = Debug|Any CPU
		{8475911F-240F-4562-A0AB-96135A36E0CE}.Debug|Any CPU.Build.0 = Debug|Any CPU
		{8475911F-240F-4562-A0AB-96135A36E0CE}.Release|Any CPU.ActiveCfg = Release|Any CPU
		{8475911F-240F-4562-A0AB-96135A36E0CE}.Release|Any CPU.Build.0 = Release|Any CPU
		{1A8A0626-452F-4616-84B9-1129F7D73B36}.Debug|Any CPU.ActiveCfg = Debug|Any CPU
		{1A8A0626-452F-4616-84B9-1129F7D73B36}.Debug|Any CPU.Build.0 = Debug|Any CPU
		{1A8A0626-452F-4616-84B9-1129F7D73B36}.Release|Any CPU.ActiveCfg = Release|Any CPU
		{1A8A0626-452F-4616-84B9-1129F7D73B36}.Release|Any CPU.Build.0 = Release|Any CPU
		{93552AB4-1AE4-48C4-8D3F-23F16786B482}.Debug|Any CPU.ActiveCfg = Debug|Any CPU
		{93552AB4-1AE4-48C4-8D3F-23F16786B482}.Debug|Any CPU.Build.0 = Debug|Any CPU
		{93552AB4-1AE4-48C4-8D3F-23F16786B482}.Release|Any CPU.ActiveCfg = Release|Any CPU
		{93552AB4-1AE4-48C4-8D3F-23F16786B482}.Release|Any CPU.Build.0 = Release|Any CPU
		{75D7CE82-E507-4648-BE7C-A22DD99B1445}.Debug|Any CPU.ActiveCfg = Debug|Any CPU
		{75D7CE82-E507-4648-BE7C-A22DD99B1445}.Debug|Any CPU.Build.0 = Debug|Any CPU
		{75D7CE82-E507-4648-BE7C-A22DD99B1445}.Release|Any CPU.ActiveCfg = Release|Any CPU
		{75D7CE82-E507-4648-BE7C-A22DD99B1445}.Release|Any CPU.Build.0 = Release|Any CPU
	EndGlobalSection
	GlobalSection(SolutionProperties) = preSolution
		HideSolutionNode = FALSE
	EndGlobalSection
	GlobalSection(ExtensibilityGlobals) = postSolution
		SolutionGuid = {099B578B-E02F-466F-8B0D-8F2A0672CB4F}
	EndGlobalSection
EndGlobal
